{
  "name": "hub-aibot",
  "version": "0.0.1",
  "lockfileVersion": 2,
  "requires": true,
  "packages": {
    "": {
      "name": "hub-aibot",
      "version": "0.0.1",
      "license": "MIT",
      "dependencies": {
        "@esri/arcgis-rest-auth": "^2.25.0",
        "@esri/arcgis-rest-feature-layer": "^3.6.0",
        "@esri/arcgis-rest-portal": "^4.2.0",
        "@esri/arcgis-rest-request": "^4.2.0",
        "@esri/hub-common": "^13.13.1",
        "@esri/hub-discussions": "^25.1.0",
        "@stencil/core": "^2.13.0",
        "@types/arcgis-js-api": "4.26",
        "@types/node": "^18.14.0"
      },
      "devDependencies": {
        "@esri/calcite-components": "^1.4.3",
        "@stencil/sass": "^2.0.0",
        "@stencil/store": "^2.0.1",
        "@types/geojson": "^7946.0.10"
      }
    },
    "node_modules/@esri/arcgis-rest-auth": {
      "version": "2.25.0",
      "resolved": "https://registry.npmjs.org/@esri/arcgis-rest-auth/-/arcgis-rest-auth-2.25.0.tgz",
      "integrity": "sha512-fJHbusenCtna0vZUcqX2L0a3KAKOrXIQJE++qRFK8IaVfIjx2KWgkOfgiAgW4kUkRsF1lq15pXEXVRo5LyD43Q==",
      "deprecated": "Development work on ArcGIS REST JS 3.x has ceased. This packages funtionality has moved to @esri/arcgis-rest-request at 4.x.x https://developers.arcgis.com/arcgis-rest-js/release-notes/upgrade-v3-v4/.",
      "dependencies": {
        "@esri/arcgis-rest-types": "^2.25.0",
        "tslib": "^1.13.0"
      },
      "peerDependencies": {
        "@esri/arcgis-rest-request": "^2.23.0"
      }
    },
    "node_modules/@esri/arcgis-rest-feature-layer": {
      "version": "3.6.0",
      "resolved": "https://registry.npmjs.org/@esri/arcgis-rest-feature-layer/-/arcgis-rest-feature-layer-3.6.0.tgz",
      "integrity": "sha512-a5BywhJpqzpJIszrXZNDcKdRt9fqGXc/Y60TqS/mVVg0tJIu5Q4VpQQzK4cMkP3D3tFmj7VB2xLBWAzpH7aYVA==",
      "dependencies": {
        "@esri/arcgis-rest-types": "^3.6.0",
        "tslib": "^1.13.0"
      },
      "peerDependencies": {
        "@esri/arcgis-rest-auth": "^3.0.0",
        "@esri/arcgis-rest-request": "^3.0.0"
      }
    },
    "node_modules/@esri/arcgis-rest-feature-layer/node_modules/@esri/arcgis-rest-types": {
      "version": "3.6.0",
      "resolved": "https://registry.npmjs.org/@esri/arcgis-rest-types/-/arcgis-rest-types-3.6.0.tgz",
      "integrity": "sha512-t6QWdVNmqB9OloYAvVWYNjvqlnrXs/m0nCRNwPGt3ZiAPXn5CpkpSn2UD6LPqGp6vPxKG81lbFQvwCw9az4qIg=="
    },
    "node_modules/@esri/arcgis-rest-fetch": {
      "version": "4.0.0",
      "resolved": "https://registry.npmjs.org/@esri/arcgis-rest-fetch/-/arcgis-rest-fetch-4.0.0.tgz",
      "integrity": "sha512-ybsMO2L4cxx0IaIx0jv6/VbXidZmQIiGD3bvPF1/n1Y1ljHIhCvX+ti54cQSfg/HW2+VAVVnt8EPD/omVhNAyg==",
      "dependencies": {
        "node-fetch": "^3.0.0"
      }
    },
    "node_modules/@esri/arcgis-rest-form-data": {
      "version": "4.0.0",
      "resolved": "https://registry.npmjs.org/@esri/arcgis-rest-form-data/-/arcgis-rest-form-data-4.0.0.tgz",
      "integrity": "sha512-cAS9HONIJgseCDdgRCIHBR4CE/OQXZIRP3FoNx/w+XyjVqK6yQiwCeXpYLfHeEZ6GEQqrA9XUBxifWG9UaJyXA==",
      "dependencies": {
        "formdata-node": "^4.1.0"
      }
    },
    "node_modules/@esri/arcgis-rest-portal": {
      "version": "4.2.0",
      "resolved": "https://registry.npmjs.org/@esri/arcgis-rest-portal/-/arcgis-rest-portal-4.2.0.tgz",
      "integrity": "sha512-LtRmgNNtSgpGHZiqygbUjT57MtU3tU62MjO5Op5uYAhXzAlCzpWG0P+DQ6l5ybGohMj5s30bIaedzqmgrA2z6g==",
      "dependencies": {
        "tslib": "^2.3.0"
      },
      "engines": {
        "node": ">=12.20.0"
      },
      "peerDependencies": {
        "@esri/arcgis-rest-request": "^4.0.0"
      }
    },
    "node_modules/@esri/arcgis-rest-portal/node_modules/tslib": {
      "version": "2.6.0",
      "resolved": "https://registry.npmjs.org/tslib/-/tslib-2.6.0.tgz",
      "integrity": "sha512-7At1WUettjcSRHXCyYtTselblcHl9PJFFVKiCAy/bY97+BPZXSQ2wbq0P9s8tK2G7dFQfNnlJnPAiArVBVBsfA=="
    },
    "node_modules/@esri/arcgis-rest-request": {
      "version": "4.2.0",
      "resolved": "https://registry.npmjs.org/@esri/arcgis-rest-request/-/arcgis-rest-request-4.2.0.tgz",
      "integrity": "sha512-2XLy0Ivar3BIr4ehe/5hYottIqiHnC8LDqhMPglufoLcsX9LFOr81X74aPXX0Ad3xVMaSy2HLLVNoNOkhwFGqQ==",
      "dependencies": {
        "@esri/arcgis-rest-fetch": "^4.0.0",
        "@esri/arcgis-rest-form-data": "^4.0.0",
        "mitt": "^3.0.0",
        "tslib": "^2.3.1"
      },
      "engines": {
        "node": ">=12.20.0"
      }
    },
    "node_modules/@esri/arcgis-rest-request/node_modules/tslib": {
      "version": "2.6.0",
      "resolved": "https://registry.npmjs.org/tslib/-/tslib-2.6.0.tgz",
      "integrity": "sha512-7At1WUettjcSRHXCyYtTselblcHl9PJFFVKiCAy/bY97+BPZXSQ2wbq0P9s8tK2G7dFQfNnlJnPAiArVBVBsfA=="
    },
    "node_modules/@esri/arcgis-rest-types": {
      "version": "2.25.0",
      "resolved": "https://registry.npmjs.org/@esri/arcgis-rest-types/-/arcgis-rest-types-2.25.0.tgz",
      "integrity": "sha512-2iMwX8tUVTImpoyKjNVsigc0JCUM8hTlyIu/hF2NnehyetvsefSut8njMObwHy872zfBzZ+kOMyulGGzdHvLxg==",
      "deprecated": "Development work on ArcGIS REST JS 3.x has ceased. Types in this package have moved to their respective packages in 4.x.x https://developers.arcgis.com/arcgis-rest-js/release-notes/upgrade-v3-v4/."
    },
    "node_modules/@esri/calcite-components": {
      "version": "1.4.3",
      "resolved": "https://registry.npmjs.org/@esri/calcite-components/-/calcite-components-1.4.3.tgz",
      "integrity": "sha512-3Yj0ZBOPBCIEp+YPJTM0C6cBmbxFXXsG9a6yv0DKxkaERj7te+hb3DQ1fVbG/lQsMLOdrQHiE70zdXSzMKvKCg==",
      "dev": true,
      "dependencies": {
        "@floating-ui/dom": "1.4.1",
        "@stencil/core": "2.22.3",
        "@types/color": "3.0.3",
        "color": "4.2.3",
        "composed-offset-position": "0.0.4",
        "dayjs": "1.11.8",
        "focus-trap": "7.4.3",
        "form-request-submit-polyfill": "2.0.0",
        "lodash-es": "4.17.21",
        "sortablejs": "1.15.0"
      }
    },
    "node_modules/@esri/hub-common": {
      "version": "13.13.1",
      "resolved": "https://registry.npmjs.org/@esri/hub-common/-/hub-common-13.13.1.tgz",
      "integrity": "sha512-LQfvJkj5N5SlN5m5VbHxoEYgXB17DPV+kcBKVuQMZkAPlRF1rwQxSD3zpQdHV93GcstEfWMRFfyAEGZHZra+uw==",
      "dependencies": {
        "abab": "^2.0.5",
        "adlib": "^3.0.8",
        "ajv": "^6.12.6",
        "fast-xml-parser": "^3.21.0",
        "json-schema-typed": "^7.0.3",
        "jsonapi-typescript": "^0.1.3",
        "tslib": "^1.13.0"
      },
      "peerDependencies": {
        "@esri/arcgis-rest-auth": "^2.14.0 || 3",
        "@esri/arcgis-rest-feature-layer": "^3.2.0",
        "@esri/arcgis-rest-portal": "^2.18.0 || 3",
        "@esri/arcgis-rest-request": "^2.14.0 || 3",
        "@esri/arcgis-rest-types": "^2.15.0 || 3"
      }
    },
    "node_modules/@esri/hub-discussions": {
      "version": "25.1.0",
      "resolved": "https://registry.npmjs.org/@esri/hub-discussions/-/hub-discussions-25.1.0.tgz",
      "integrity": "sha512-MQ32asjYAvyUWtBgBS/PrQfvas5+8EE2sP3VPknto5YHVUuk1BueyD6lmBKoq7SZxGVgk9S2bz3yrM3QGeETJw==",
      "dependencies": {
        "tslib": "^1.13.0"
      },
      "peerDependencies": {
        "@esri/arcgis-rest-auth": "^2.14.0 || 3",
        "@esri/arcgis-rest-request": "^2.14.0 || 3",
        "@esri/hub-common": "^13.0.0"
      }
    },
    "node_modules/@floating-ui/core": {
      "version": "1.3.1",
      "resolved": "https://registry.npmjs.org/@floating-ui/core/-/core-1.3.1.tgz",
      "integrity": "sha512-Bu+AMaXNjrpjh41znzHqaz3r2Nr8hHuHZT6V2LBKMhyMl0FgKA62PNYbqnfgmzOhoWZj70Zecisbo4H1rotP5g==",
      "dev": true
    },
    "node_modules/@floating-ui/dom": {
      "version": "1.4.1",
      "resolved": "https://registry.npmjs.org/@floating-ui/dom/-/dom-1.4.1.tgz",
      "integrity": "sha512-loCXUOLzIC3jp50RFOKXZ/kQjjz26ryr/23M+FWG9jrmAv8lRf3DUfC2AiVZ3+K316GOhB08CR+Povwz8e9mDw==",
      "dev": true,
      "dependencies": {
        "@floating-ui/core": "^1.3.1"
      }
    },
    "node_modules/@stencil/core": {
      "version": "2.22.3",
      "resolved": "https://registry.npmjs.org/@stencil/core/-/core-2.22.3.tgz",
      "integrity": "sha512-kmVA0M/HojwsfkeHsifvHVIYe4l5tin7J5+DLgtl8h6WWfiMClND5K3ifCXXI2ETDNKiEk21p6jql3Fx9o2rng==",
      "bin": {
        "stencil": "bin/stencil"
      },
      "engines": {
        "node": ">=12.10.0",
        "npm": ">=6.0.0"
      }
    },
    "node_modules/@stencil/sass": {
      "version": "2.0.3",
      "resolved": "https://registry.npmjs.org/@stencil/sass/-/sass-2.0.3.tgz",
      "integrity": "sha512-ypS+0f6bJH2qXqrNAHirlYOWFax+qKKOIePLs7cu4LfKFr4ZVJSGRFBdgaeRrZMUhJWnhjV6io2uDldhrQhnMg==",
      "dev": true,
      "peerDependencies": {
        "@stencil/core": ">=2.0.0 || >=3.0.0-beta.0"
      }
    },
    "node_modules/@stencil/store": {
      "version": "2.0.3",
      "resolved": "https://registry.npmjs.org/@stencil/store/-/store-2.0.3.tgz",
      "integrity": "sha512-45SkXtVXaYMo3itvfUleKjQr8BNowi6b0i1jHCx8O2UXJag5myvstjf4uIxkW6IscV92VzLrpIXUFvbJJKa7DA==",
      "dev": true,
      "peerDependencies": {
        "@stencil/core": ">=2.0.0"
      }
    },
    "node_modules/@types/arcgis-js-api": {
      "version": "4.26.0",
      "resolved": "https://registry.npmjs.org/@types/arcgis-js-api/-/arcgis-js-api-4.26.0.tgz",
      "integrity": "sha512-rQSgYUy2FqPTFu47h2ibXhh5RdoQ/dgIXNdUcLTwebJ8OeXFvuzF5+hHmzKr2aLfX8w34W08ZIhUwiE4m+vBLQ=="
    },
    "node_modules/@types/color": {
      "version": "3.0.3",
      "resolved": "https://registry.npmjs.org/@types/color/-/color-3.0.3.tgz",
      "integrity": "sha512-X//qzJ3d3Zj82J9sC/C18ZY5f43utPbAJ6PhYt/M7uG6etcF6MRpKdN880KBy43B0BMzSfeT96MzrsNjFI3GbA==",
      "dev": true,
      "dependencies": {
        "@types/color-convert": "*"
      }
    },
    "node_modules/@types/color-convert": {
      "version": "2.0.0",
      "resolved": "https://registry.npmjs.org/@types/color-convert/-/color-convert-2.0.0.tgz",
      "integrity": "sha512-m7GG7IKKGuJUXvkZ1qqG3ChccdIM/qBBo913z+Xft0nKCX4hAU/IxKwZBU4cpRZ7GS5kV4vOblUkILtSShCPXQ==",
      "dev": true,
      "dependencies": {
        "@types/color-name": "*"
      }
    },
    "node_modules/@types/color-name": {
      "version": "1.1.1",
      "resolved": "https://registry.npmjs.org/@types/color-name/-/color-name-1.1.1.tgz",
      "integrity": "sha512-rr+OQyAjxze7GgWrSaJwydHStIhHq2lvY3BOC2Mj7KnzI7XK0Uw1TOOdI9lDoajEbSWLiYgoo4f1R51erQfhPQ==",
      "dev": true
    },
    "node_modules/@types/geojson": {
      "version": "7946.0.10",
      "resolved": "https://registry.npmjs.org/@types/geojson/-/geojson-7946.0.10.tgz",
      "integrity": "sha512-Nmh0K3iWQJzniTuPRcJn5hxXkfB1T1pgB89SBig5PlJQU5yocazeu4jATJlaA0GYFKWMqDdvYemoSnF2pXgLVA==",
      "dev": true
    },
    "node_modules/@types/node": {
      "version": "18.14.0",
      "resolved": "https://registry.npmjs.org/@types/node/-/node-18.14.0.tgz",
      "integrity": "sha512-5EWrvLmglK+imbCJY0+INViFWUHg1AHel1sq4ZVSfdcNqGy9Edv3UB9IIzzg+xPaUcAgZYcfVs2fBcwDeZzU0A=="
    },
    "node_modules/abab": {
      "version": "2.0.6",
      "resolved": "https://registry.npmjs.org/abab/-/abab-2.0.6.tgz",
      "integrity": "sha512-j2afSsaIENvHZN2B8GOpF566vZ5WVk5opAiMTvWgaQT8DkbOqsTfvNAvHoRGU2zzP8cPoqys+xHTRDWW8L+/BA=="
    },
    "node_modules/adlib": {
      "version": "3.0.8",
      "resolved": "https://registry.npmjs.org/adlib/-/adlib-3.0.8.tgz",
      "integrity": "sha512-CbQ+mcm45pdDN0aAiGYP6FZWDor+BM4DbqJsrUptM79a2+FbiP8QdF0xHABbgCkioApKqg8lI33Gl6X8GFelfA==",
      "dependencies": {
        "esm": "^3.2.25"
      }
    },
    "node_modules/ajv": {
      "version": "6.12.6",
      "resolved": "https://registry.npmjs.org/ajv/-/ajv-6.12.6.tgz",
      "integrity": "sha512-j3fVLgvTo527anyYyJOGTYJbG+vnnQYvE0m5mmkc1TK+nxAppkCLMIL0aZ4dblVCNoGShhm+kzE4ZUykBoMg4g==",
      "dependencies": {
        "fast-deep-equal": "^3.1.1",
        "fast-json-stable-stringify": "^2.0.0",
        "json-schema-traverse": "^0.4.1",
        "uri-js": "^4.2.2"
      },
      "funding": {
        "type": "github",
        "url": "https://github.com/sponsors/epoberezkin"
      }
    },
    "node_modules/color": {
      "version": "4.2.3",
      "resolved": "https://registry.npmjs.org/color/-/color-4.2.3.tgz",
      "integrity": "sha512-1rXeuUUiGGrykh+CeBdu5Ie7OJwinCgQY0bc7GCRxy5xVHy+moaqkpL/jqQq0MtQOeYcrqEz4abc5f0KtU7W4A==",
      "dev": true,
      "dependencies": {
        "color-convert": "^2.0.1",
        "color-string": "^1.9.0"
      },
      "engines": {
        "node": ">=12.5.0"
      }
    },
    "node_modules/color-convert": {
      "version": "2.0.1",
      "resolved": "https://registry.npmjs.org/color-convert/-/color-convert-2.0.1.tgz",
      "integrity": "sha512-RRECPsj7iu/xb5oKYcsFHSppFNnsj/52OVTRKb4zP5onXwVF3zVmmToNcOfGC+CRDpfK/U584fMg38ZHCaElKQ==",
      "dev": true,
      "dependencies": {
        "color-name": "~1.1.4"
      },
      "engines": {
        "node": ">=7.0.0"
      }
    },
    "node_modules/color-name": {
      "version": "1.1.4",
      "resolved": "https://registry.npmjs.org/color-name/-/color-name-1.1.4.tgz",
      "integrity": "sha512-dOy+3AuW3a2wNbZHIuMZpTcgjGuLU/uBL/ubcZF9OXbDo8ff4O8yVp5Bf0efS8uEoYo5q4Fx7dY9OgQGXgAsQA==",
      "dev": true
    },
    "node_modules/color-string": {
      "version": "1.9.1",
      "resolved": "https://registry.npmjs.org/color-string/-/color-string-1.9.1.tgz",
      "integrity": "sha512-shrVawQFojnZv6xM40anx4CkoDP+fZsw/ZerEMsW/pyzsRbElpsL/DBVW7q3ExxwusdNXI3lXpuhEZkzs8p5Eg==",
      "dev": true,
      "dependencies": {
        "color-name": "^1.0.0",
        "simple-swizzle": "^0.2.2"
      }
    },
    "node_modules/composed-offset-position": {
      "version": "0.0.4",
      "resolved": "https://registry.npmjs.org/composed-offset-position/-/composed-offset-position-0.0.4.tgz",
      "integrity": "sha512-vMlvu1RuNegVE0YsCDSV/X4X10j56mq7PCIyOKK74FxkXzGLwhOUmdkJLSdOBOMwWycobGUMgft2lp+YgTe8hw==",
      "dev": true
    },
    "node_modules/data-uri-to-buffer": {
      "version": "4.0.1",
      "resolved": "https://registry.npmjs.org/data-uri-to-buffer/-/data-uri-to-buffer-4.0.1.tgz",
      "integrity": "sha512-0R9ikRb668HB7QDxT1vkpuUBtqc53YyAwMwGeUFKRojY/NWKvdZ+9UYtRfGmhqNbRkTSVpMbmyhXipFFv2cb/A==",
      "engines": {
        "node": ">= 12"
      }
    },
    "node_modules/dayjs": {
      "version": "1.11.8",
      "resolved": "https://registry.npmjs.org/dayjs/-/dayjs-1.11.8.tgz",
      "integrity": "sha512-LcgxzFoWMEPO7ggRv1Y2N31hUf2R0Vj7fuy/m+Bg1K8rr+KAs1AEy4y9jd5DXe8pbHgX+srkHNS7TH6Q6ZhYeQ==",
      "dev": true
    },
    "node_modules/esm": {
      "version": "3.2.25",
      "resolved": "https://registry.npmjs.org/esm/-/esm-3.2.25.tgz",
      "integrity": "sha512-U1suiZ2oDVWv4zPO56S0NcR5QriEahGtdN2OR6FiOG4WJvcjBVFB0qI4+eKoWFH483PKGuLuu6V8Z4T5g63UVA==",
      "engines": {
        "node": ">=6"
      }
    },
    "node_modules/fast-deep-equal": {
      "version": "3.1.3",
      "resolved": "https://registry.npmjs.org/fast-deep-equal/-/fast-deep-equal-3.1.3.tgz",
      "integrity": "sha512-f3qQ9oQy9j2AhBe/H9VC91wLmKBCCU/gDOnKNAYG5hswO7BLKj09Hc5HYNz9cGI++xlpDCIgDaitVs03ATR84Q=="
    },
    "node_modules/fast-json-stable-stringify": {
      "version": "2.1.0",
      "resolved": "https://registry.npmjs.org/fast-json-stable-stringify/-/fast-json-stable-stringify-2.1.0.tgz",
      "integrity": "sha512-lhd/wF+Lk98HZoTCtlVraHtfh5XYijIjalXck7saUtuanSDyLMxnHhSXEDJqHxD7msR8D0uCmqlkwjCV8xvwHw=="
    },
    "node_modules/fast-xml-parser": {
      "version": "3.21.1",
      "resolved": "https://registry.npmjs.org/fast-xml-parser/-/fast-xml-parser-3.21.1.tgz",
      "integrity": "sha512-FTFVjYoBOZTJekiUsawGsSYV9QL0A+zDYCRj7y34IO6Jg+2IMYEtQa+bbictpdpV8dHxXywqU7C0gRDEOFtBFg==",
      "dependencies": {
        "strnum": "^1.0.4"
      },
      "bin": {
        "xml2js": "cli.js"
      },
      "funding": {
        "type": "paypal",
        "url": "https://paypal.me/naturalintelligence"
      }
    },
    "node_modules/fetch-blob": {
      "version": "3.2.0",
      "resolved": "https://registry.npmjs.org/fetch-blob/-/fetch-blob-3.2.0.tgz",
      "integrity": "sha512-7yAQpD2UMJzLi1Dqv7qFYnPbaPx7ZfFK6PiIxQ4PfkGPyNyl2Ugx+a/umUonmKqjhM4DnfbMvdX6otXq83soQQ==",
      "funding": [
        {
          "type": "github",
          "url": "https://github.com/sponsors/jimmywarting"
        },
        {
          "type": "paypal",
          "url": "https://paypal.me/jimmywarting"
        }
      ],
      "dependencies": {
        "node-domexception": "^1.0.0",
        "web-streams-polyfill": "^3.0.3"
      },
      "engines": {
        "node": "^12.20 || >= 14.13"
      }
    },
    "node_modules/fetch-blob/node_modules/web-streams-polyfill": {
      "version": "3.2.1",
      "resolved": "https://registry.npmjs.org/web-streams-polyfill/-/web-streams-polyfill-3.2.1.tgz",
      "integrity": "sha512-e0MO3wdXWKrLbL0DgGnUV7WHVuw9OUvL4hjgnPkIeEvESk74gAITi5G606JtZPp39cd8HA9VQzCIvA49LpPN5Q==",
      "engines": {
        "node": ">= 8"
      }
    },
    "node_modules/focus-trap": {
      "version": "7.4.3",
      "resolved": "https://registry.npmjs.org/focus-trap/-/focus-trap-7.4.3.tgz",
      "integrity": "sha512-BgSSbK4GPnS2VbtZ50VtOv1Sti6DIkj3+LkVjiWMNjLeAp1SH1UlLx3ULu/DCu4vq5R4/uvTm+zrvsMsuYmGLg==",
      "dev": true,
      "dependencies": {
        "tabbable": "^6.1.2"
      }
    },
    "node_modules/form-request-submit-polyfill": {
      "version": "2.0.0",
      "resolved": "https://registry.npmjs.org/form-request-submit-polyfill/-/form-request-submit-polyfill-2.0.0.tgz",
      "integrity": "sha512-p0+M92y2gFnP0AuuL8VJ0GYVzAT0bYp3GsSkmPFhvUopdnfDLP/9xplQTBBc4w8qOjKRzdK7GaFcdL9IhlXdTQ==",
      "dev": true
    },
    "node_modules/formdata-node": {
      "version": "4.4.1",
      "resolved": "https://registry.npmjs.org/formdata-node/-/formdata-node-4.4.1.tgz",
      "integrity": "sha512-0iirZp3uVDjVGt9p49aTaqjk84TrglENEDuqfdlZQ1roC9CWlPk6Avf8EEnZNcAqPonwkG35x4n3ww/1THYAeQ==",
      "dependencies": {
        "node-domexception": "1.0.0",
        "web-streams-polyfill": "4.0.0-beta.3"
      },
      "engines": {
        "node": ">= 12.20"
      }
    },
    "node_modules/formdata-polyfill": {
      "version": "4.0.10",
      "resolved": "https://registry.npmjs.org/formdata-polyfill/-/formdata-polyfill-4.0.10.tgz",
      "integrity": "sha512-buewHzMvYL29jdeQTVILecSaZKnt/RJWjoZCF5OW60Z67/GmSLBkOFM7qh1PI3zFNtJbaZL5eQu1vLfazOwj4g==",
      "dependencies": {
        "fetch-blob": "^3.1.2"
      },
      "engines": {
        "node": ">=12.20.0"
      }
    },
    "node_modules/is-arrayish": {
      "version": "0.3.2",
      "resolved": "https://registry.npmjs.org/is-arrayish/-/is-arrayish-0.3.2.tgz",
      "integrity": "sha512-eVRqCvVlZbuw3GrM63ovNSNAeA1K16kaR/LRY/92w0zxQ5/1YzwblUX652i4Xs9RwAGjW9d9y6X88t8OaAJfWQ==",
      "dev": true
    },
    "node_modules/json-schema-traverse": {
      "version": "0.4.1",
      "resolved": "https://registry.npmjs.org/json-schema-traverse/-/json-schema-traverse-0.4.1.tgz",
      "integrity": "sha512-xbbCH5dCYU5T8LcEhhuh7HJ88HXuW3qsI3Y0zOZFKfZEHcpWiHU/Jxzk629Brsab/mMiHQti9wMP+845RPe3Vg=="
    },
    "node_modules/json-schema-typed": {
      "version": "7.0.3",
      "resolved": "https://registry.npmjs.org/json-schema-typed/-/json-schema-typed-7.0.3.tgz",
      "integrity": "sha512-7DE8mpG+/fVw+dTpjbxnx47TaMnDfOI1jwft9g1VybltZCduyRQPJPvc+zzKY9WPHxhPWczyFuYa6I8Mw4iU5A=="
    },
    "node_modules/json-typescript": {
      "version": "1.1.2",
      "resolved": "https://registry.npmjs.org/json-typescript/-/json-typescript-1.1.2.tgz",
      "integrity": "sha512-Np07MUsYMKbB0nNlw/MMIRjUK7ehO48LA4FsrzrhCfTUxMKbvOBAo0sc0b4nQ80ge9d32sModCunCgoyUojgUA=="
    },
    "node_modules/jsonapi-typescript": {
      "version": "0.1.3",
      "resolved": "https://registry.npmjs.org/jsonapi-typescript/-/jsonapi-typescript-0.1.3.tgz",
      "integrity": "sha512-uPcPS01GeM+4HIyn18s7l1yD2S3uLZy2TX1UkQffCM0bLb3TMwudXUyVXPHTMZ4vdZT8MqKqN2vjB5PogTAdFQ==",
      "dependencies": {
        "json-typescript": "^1.0.0"
      }
    },
    "node_modules/lodash-es": {
      "version": "4.17.21",
      "resolved": "https://registry.npmjs.org/lodash-es/-/lodash-es-4.17.21.tgz",
      "integrity": "sha512-mKnC+QJ9pWVzv+C4/U3rRsHapFfHvQFoFB92e52xeyGMcX6/OlIl78je1u8vePzYZSkkogMPJ2yjxxsb89cxyw==",
      "dev": true
    },
    "node_modules/mitt": {
      "version": "3.0.1",
      "resolved": "https://registry.npmjs.org/mitt/-/mitt-3.0.1.tgz",
      "integrity": "sha512-vKivATfr97l2/QBCYAkXYDbrIWPM2IIKEl7YPhjCvKlG3kE2gm+uBo6nEXK3M5/Ffh/FLpKExzOQ3JJoJGFKBw=="
    },
    "node_modules/node-domexception": {
      "version": "1.0.0",
      "resolved": "https://registry.npmjs.org/node-domexception/-/node-domexception-1.0.0.tgz",
      "integrity": "sha512-/jKZoMpw0F8GRwl4/eLROPA3cfcXtLApP0QzLmUT/HuPCZWyB7IY9ZrMeKw2O/nFIqPQB3PVM9aYm0F312AXDQ==",
      "funding": [
        {
          "type": "github",
          "url": "https://github.com/sponsors/jimmywarting"
        },
        {
          "type": "github",
          "url": "https://paypal.me/jimmywarting"
        }
      ],
      "engines": {
        "node": ">=10.5.0"
      }
    },
    "node_modules/node-fetch": {
      "version": "3.3.1",
      "resolved": "https://registry.npmjs.org/node-fetch/-/node-fetch-3.3.1.tgz",
      "integrity": "sha512-cRVc/kyto/7E5shrWca1Wsea4y6tL9iYJE5FBCius3JQfb/4P4I295PfhgbJQBLTx6lATE4z+wK0rPM4VS2uow==",
      "dependencies": {
        "data-uri-to-buffer": "^4.0.0",
        "fetch-blob": "^3.1.4",
        "formdata-polyfill": "^4.0.10"
      },
      "engines": {
        "node": "^12.20.0 || ^14.13.1 || >=16.0.0"
      },
      "funding": {
        "type": "opencollective",
        "url": "https://opencollective.com/node-fetch"
      }
    },
    "node_modules/punycode": {
      "version": "2.3.0",
      "resolved": "https://registry.npmjs.org/punycode/-/punycode-2.3.0.tgz",
      "integrity": "sha512-rRV+zQD8tVFys26lAGR9WUuS4iUAngJScM+ZRSKtvl5tKeZ2t5bvdNFdNHBW9FWR4guGHlgmsZ1G7BSm2wTbuA==",
      "engines": {
        "node": ">=6"
      }
    },
    "node_modules/simple-swizzle": {
      "version": "0.2.2",
      "resolved": "https://registry.npmjs.org/simple-swizzle/-/simple-swizzle-0.2.2.tgz",
      "integrity": "sha512-JA//kQgZtbuY83m+xT+tXJkmJncGMTFT+C+g2h2R9uxkYIrE2yy9sgmcLhCnw57/WSD+Eh3J97FPEDFnbXnDUg==",
      "dev": true,
      "dependencies": {
        "is-arrayish": "^0.3.1"
      }
    },
    "node_modules/sortablejs": {
      "version": "1.15.0",
      "resolved": "https://registry.npmjs.org/sortablejs/-/sortablejs-1.15.0.tgz",
      "integrity": "sha512-bv9qgVMjUMf89wAvM6AxVvS/4MX3sPeN0+agqShejLU5z5GX4C75ow1O2e5k4L6XItUyAK3gH6AxSbXrOM5e8w==",
      "dev": true
    },
    "node_modules/strnum": {
      "version": "1.0.5",
      "resolved": "https://registry.npmjs.org/strnum/-/strnum-1.0.5.tgz",
      "integrity": "sha512-J8bbNyKKXl5qYcR36TIO8W3mVGVHrmmxsd5PAItGkmyzwJvybiw2IVq5nqd0i4LSNSkB/sx9VHllbfFdr9k1JA=="
    },
    "node_modules/tabbable": {
      "version": "6.2.0",
      "resolved": "https://registry.npmjs.org/tabbable/-/tabbable-6.2.0.tgz",
      "integrity": "sha512-Cat63mxsVJlzYvN51JmVXIgNoUokrIaT2zLclCXjRd8boZ0004U4KCs/sToJ75C6sdlByWxpYnb5Boif1VSFew==",
      "dev": true
    },
    "node_modules/tslib": {
      "version": "1.14.1",
      "resolved": "https://registry.npmjs.org/tslib/-/tslib-1.14.1.tgz",
      "integrity": "sha512-Xni35NKzjgMrwevysHTCArtLDpPvye8zV/0E4EyYn43P7/7qvQwPh9BGkHewbMulVntbigmcT7rdX3BNo9wRJg=="
    },
    "node_modules/uri-js": {
      "version": "4.4.1",
      "resolved": "https://registry.npmjs.org/uri-js/-/uri-js-4.4.1.tgz",
      "integrity": "sha512-7rKUyy33Q1yc98pQ1DAmLtwX109F7TIfWlW1Ydo8Wl1ii1SeHieeh0HHfPeL2fMXK6z0s8ecKs9frCuLJvndBg==",
      "dependencies": {
        "punycode": "^2.1.0"
      }
    },
    "node_modules/web-streams-polyfill": {
      "version": "4.0.0-beta.3",
      "resolved": "https://registry.npmjs.org/web-streams-polyfill/-/web-streams-polyfill-4.0.0-beta.3.tgz",
      "integrity": "sha512-QW95TCTaHmsYfHDybGMwO5IJIM93I/6vTRk+daHTWFPhwh+C8Cg7j7XyKrwrj8Ib6vYXe0ocYNrmzY4xAAN6ug==",
      "engines": {
        "node": ">= 14"
      }
    }
  },
  "dependencies": {
    "@esri/arcgis-rest-auth": {
      "version": "2.25.0",
      "resolved": "https://registry.npmjs.org/@esri/arcgis-rest-auth/-/arcgis-rest-auth-2.25.0.tgz",
      "integrity": "sha512-fJHbusenCtna0vZUcqX2L0a3KAKOrXIQJE++qRFK8IaVfIjx2KWgkOfgiAgW4kUkRsF1lq15pXEXVRo5LyD43Q==",
      "requires": {
        "@esri/arcgis-rest-types": "^2.25.0",
        "tslib": "^1.13.0"
      }
    },
    "@esri/arcgis-rest-feature-layer": {
      "version": "3.6.0",
      "resolved": "https://registry.npmjs.org/@esri/arcgis-rest-feature-layer/-/arcgis-rest-feature-layer-3.6.0.tgz",
      "integrity": "sha512-a5BywhJpqzpJIszrXZNDcKdRt9fqGXc/Y60TqS/mVVg0tJIu5Q4VpQQzK4cMkP3D3tFmj7VB2xLBWAzpH7aYVA==",
      "requires": {
        "@esri/arcgis-rest-types": "^3.6.0",
        "tslib": "^1.13.0"
      },
      "dependencies": {
        "@esri/arcgis-rest-types": {
          "version": "3.6.0",
          "resolved": "https://registry.npmjs.org/@esri/arcgis-rest-types/-/arcgis-rest-types-3.6.0.tgz",
          "integrity": "sha512-t6QWdVNmqB9OloYAvVWYNjvqlnrXs/m0nCRNwPGt3ZiAPXn5CpkpSn2UD6LPqGp6vPxKG81lbFQvwCw9az4qIg=="
        }
      }
    },
    "@esri/arcgis-rest-fetch": {
      "version": "4.0.0",
      "resolved": "https://registry.npmjs.org/@esri/arcgis-rest-fetch/-/arcgis-rest-fetch-4.0.0.tgz",
      "integrity": "sha512-ybsMO2L4cxx0IaIx0jv6/VbXidZmQIiGD3bvPF1/n1Y1ljHIhCvX+ti54cQSfg/HW2+VAVVnt8EPD/omVhNAyg==",
      "requires": {
        "node-fetch": "^3.0.0"
      }
    },
    "@esri/arcgis-rest-form-data": {
      "version": "4.0.0",
      "resolved": "https://registry.npmjs.org/@esri/arcgis-rest-form-data/-/arcgis-rest-form-data-4.0.0.tgz",
      "integrity": "sha512-cAS9HONIJgseCDdgRCIHBR4CE/OQXZIRP3FoNx/w+XyjVqK6yQiwCeXpYLfHeEZ6GEQqrA9XUBxifWG9UaJyXA==",
      "requires": {
        "formdata-node": "^4.1.0"
      }
    },
    "@esri/arcgis-rest-portal": {
      "version": "4.2.0",
      "resolved": "https://registry.npmjs.org/@esri/arcgis-rest-portal/-/arcgis-rest-portal-4.2.0.tgz",
      "integrity": "sha512-LtRmgNNtSgpGHZiqygbUjT57MtU3tU62MjO5Op5uYAhXzAlCzpWG0P+DQ6l5ybGohMj5s30bIaedzqmgrA2z6g==",
      "requires": {
        "tslib": "^2.3.0"
      },
      "dependencies": {
        "tslib": {
          "version": "2.6.0",
          "resolved": "https://registry.npmjs.org/tslib/-/tslib-2.6.0.tgz",
          "integrity": "sha512-7At1WUettjcSRHXCyYtTselblcHl9PJFFVKiCAy/bY97+BPZXSQ2wbq0P9s8tK2G7dFQfNnlJnPAiArVBVBsfA=="
        }
      }
    },
    "@esri/arcgis-rest-request": {
      "version": "4.2.0",
      "resolved": "https://registry.npmjs.org/@esri/arcgis-rest-request/-/arcgis-rest-request-4.2.0.tgz",
      "integrity": "sha512-2XLy0Ivar3BIr4ehe/5hYottIqiHnC8LDqhMPglufoLcsX9LFOr81X74aPXX0Ad3xVMaSy2HLLVNoNOkhwFGqQ==",
      "requires": {
        "@esri/arcgis-rest-fetch": "^4.0.0",
        "@esri/arcgis-rest-form-data": "^4.0.0",
        "mitt": "^3.0.0",
        "tslib": "^2.3.1"
      },
      "dependencies": {
        "tslib": {
          "version": "2.6.0",
          "resolved": "https://registry.npmjs.org/tslib/-/tslib-2.6.0.tgz",
          "integrity": "sha512-7At1WUettjcSRHXCyYtTselblcHl9PJFFVKiCAy/bY97+BPZXSQ2wbq0P9s8tK2G7dFQfNnlJnPAiArVBVBsfA=="
        }
      }
    },
    "@esri/arcgis-rest-types": {
      "version": "2.25.0",
      "resolved": "https://registry.npmjs.org/@esri/arcgis-rest-types/-/arcgis-rest-types-2.25.0.tgz",
      "integrity": "sha512-2iMwX8tUVTImpoyKjNVsigc0JCUM8hTlyIu/hF2NnehyetvsefSut8njMObwHy872zfBzZ+kOMyulGGzdHvLxg=="
    },
    "@esri/calcite-components": {
      "version": "1.4.3",
      "resolved": "https://registry.npmjs.org/@esri/calcite-components/-/calcite-components-1.4.3.tgz",
      "integrity": "sha512-3Yj0ZBOPBCIEp+YPJTM0C6cBmbxFXXsG9a6yv0DKxkaERj7te+hb3DQ1fVbG/lQsMLOdrQHiE70zdXSzMKvKCg==",
      "dev": true,
      "requires": {
        "@floating-ui/dom": "1.4.1",
        "@stencil/core": "2.22.3",
        "@types/color": "3.0.3",
        "color": "4.2.3",
        "composed-offset-position": "0.0.4",
        "dayjs": "1.11.8",
        "focus-trap": "7.4.3",
        "form-request-submit-polyfill": "2.0.0",
        "lodash-es": "4.17.21",
        "sortablejs": "1.15.0"
      }
    },
    "@esri/hub-common": {
      "version": "13.13.1",
      "resolved": "https://registry.npmjs.org/@esri/hub-common/-/hub-common-13.13.1.tgz",
      "integrity": "sha512-LQfvJkj5N5SlN5m5VbHxoEYgXB17DPV+kcBKVuQMZkAPlRF1rwQxSD3zpQdHV93GcstEfWMRFfyAEGZHZra+uw==",
      "requires": {
        "abab": "^2.0.5",
        "adlib": "^3.0.8",
        "ajv": "^6.12.6",
        "fast-xml-parser": "^3.21.0",
        "json-schema-typed": "^7.0.3",
        "jsonapi-typescript": "^0.1.3",
        "tslib": "^1.13.0"
      }
    },
    "@esri/hub-discussions": {
      "version": "25.1.0",
      "resolved": "https://registry.npmjs.org/@esri/hub-discussions/-/hub-discussions-25.1.0.tgz",
      "integrity": "sha512-MQ32asjYAvyUWtBgBS/PrQfvas5+8EE2sP3VPknto5YHVUuk1BueyD6lmBKoq7SZxGVgk9S2bz3yrM3QGeETJw==",
      "requires": {
        "tslib": "^1.13.0"
      }
    },
    "@floating-ui/core": {
      "version": "1.3.1",
      "resolved": "https://registry.npmjs.org/@floating-ui/core/-/core-1.3.1.tgz",
      "integrity": "sha512-Bu+AMaXNjrpjh41znzHqaz3r2Nr8hHuHZT6V2LBKMhyMl0FgKA62PNYbqnfgmzOhoWZj70Zecisbo4H1rotP5g==",
      "dev": true
    },
    "@floating-ui/dom": {
      "version": "1.4.1",
      "resolved": "https://registry.npmjs.org/@floating-ui/dom/-/dom-1.4.1.tgz",
      "integrity": "sha512-loCXUOLzIC3jp50RFOKXZ/kQjjz26ryr/23M+FWG9jrmAv8lRf3DUfC2AiVZ3+K316GOhB08CR+Povwz8e9mDw==",
      "dev": true,
      "requires": {
        "@floating-ui/core": "^1.3.1"
      }
    },
    "@stencil/core": {
      "version": "2.22.3",
      "resolved": "https://registry.npmjs.org/@stencil/core/-/core-2.22.3.tgz",
      "integrity": "sha512-kmVA0M/HojwsfkeHsifvHVIYe4l5tin7J5+DLgtl8h6WWfiMClND5K3ifCXXI2ETDNKiEk21p6jql3Fx9o2rng=="
    },
    "@stencil/sass": {
      "version": "2.0.3",
      "resolved": "https://registry.npmjs.org/@stencil/sass/-/sass-2.0.3.tgz",
      "integrity": "sha512-ypS+0f6bJH2qXqrNAHirlYOWFax+qKKOIePLs7cu4LfKFr4ZVJSGRFBdgaeRrZMUhJWnhjV6io2uDldhrQhnMg==",
      "dev": true
    },
    "@stencil/store": {
      "version": "2.0.3",
      "resolved": "https://registry.npmjs.org/@stencil/store/-/store-2.0.3.tgz",
      "integrity": "sha512-45SkXtVXaYMo3itvfUleKjQr8BNowi6b0i1jHCx8O2UXJag5myvstjf4uIxkW6IscV92VzLrpIXUFvbJJKa7DA==",
      "dev": true
    },
    "@types/arcgis-js-api": {
      "version": "4.26.0",
      "resolved": "https://registry.npmjs.org/@types/arcgis-js-api/-/arcgis-js-api-4.26.0.tgz",
      "integrity": "sha512-rQSgYUy2FqPTFu47h2ibXhh5RdoQ/dgIXNdUcLTwebJ8OeXFvuzF5+hHmzKr2aLfX8w34W08ZIhUwiE4m+vBLQ=="
    },
    "@types/color": {
      "version": "3.0.3",
      "resolved": "https://registry.npmjs.org/@types/color/-/color-3.0.3.tgz",
      "integrity": "sha512-X//qzJ3d3Zj82J9sC/C18ZY5f43utPbAJ6PhYt/M7uG6etcF6MRpKdN880KBy43B0BMzSfeT96MzrsNjFI3GbA==",
      "dev": true,
      "requires": {
        "@types/color-convert": "*"
      }
    },
    "@types/color-convert": {
      "version": "2.0.0",
      "resolved": "https://registry.npmjs.org/@types/color-convert/-/color-convert-2.0.0.tgz",
      "integrity": "sha512-m7GG7IKKGuJUXvkZ1qqG3ChccdIM/qBBo913z+Xft0nKCX4hAU/IxKwZBU4cpRZ7GS5kV4vOblUkILtSShCPXQ==",
      "dev": true,
      "requires": {
        "@types/color-name": "*"
      }
    },
    "@types/color-name": {
      "version": "1.1.1",
      "resolved": "https://registry.npmjs.org/@types/color-name/-/color-name-1.1.1.tgz",
      "integrity": "sha512-rr+OQyAjxze7GgWrSaJwydHStIhHq2lvY3BOC2Mj7KnzI7XK0Uw1TOOdI9lDoajEbSWLiYgoo4f1R51erQfhPQ==",
      "dev": true
    },
    "@types/geojson": {
      "version": "7946.0.10",
      "resolved": "https://registry.npmjs.org/@types/geojson/-/geojson-7946.0.10.tgz",
      "integrity": "sha512-Nmh0K3iWQJzniTuPRcJn5hxXkfB1T1pgB89SBig5PlJQU5yocazeu4jATJlaA0GYFKWMqDdvYemoSnF2pXgLVA==",
      "dev": true
    },
    "@types/node": {
      "version": "18.14.0",
      "resolved": "https://registry.npmjs.org/@types/node/-/node-18.14.0.tgz",
      "integrity": "sha512-5EWrvLmglK+imbCJY0+INViFWUHg1AHel1sq4ZVSfdcNqGy9Edv3UB9IIzzg+xPaUcAgZYcfVs2fBcwDeZzU0A=="
    },
    "abab": {
      "version": "2.0.6",
      "resolved": "https://registry.npmjs.org/abab/-/abab-2.0.6.tgz",
      "integrity": "sha512-j2afSsaIENvHZN2B8GOpF566vZ5WVk5opAiMTvWgaQT8DkbOqsTfvNAvHoRGU2zzP8cPoqys+xHTRDWW8L+/BA=="
    },
    "adlib": {
      "version": "3.0.8",
      "resolved": "https://registry.npmjs.org/adlib/-/adlib-3.0.8.tgz",
      "integrity": "sha512-CbQ+mcm45pdDN0aAiGYP6FZWDor+BM4DbqJsrUptM79a2+FbiP8QdF0xHABbgCkioApKqg8lI33Gl6X8GFelfA==",
      "requires": {
        "esm": "^3.2.25"
      }
    },
    "ajv": {
      "version": "6.12.6",
      "resolved": "https://registry.npmjs.org/ajv/-/ajv-6.12.6.tgz",
      "integrity": "sha512-j3fVLgvTo527anyYyJOGTYJbG+vnnQYvE0m5mmkc1TK+nxAppkCLMIL0aZ4dblVCNoGShhm+kzE4ZUykBoMg4g==",
      "requires": {
        "fast-deep-equal": "^3.1.1",
        "fast-json-stable-stringify": "^2.0.0",
        "json-schema-traverse": "^0.4.1",
        "uri-js": "^4.2.2"
      }
    },
    "color": {
      "version": "4.2.3",
      "resolved": "https://registry.npmjs.org/color/-/color-4.2.3.tgz",
      "integrity": "sha512-1rXeuUUiGGrykh+CeBdu5Ie7OJwinCgQY0bc7GCRxy5xVHy+moaqkpL/jqQq0MtQOeYcrqEz4abc5f0KtU7W4A==",
      "dev": true,
      "requires": {
        "color-convert": "^2.0.1",
        "color-string": "^1.9.0"
      }
    },
    "color-convert": {
      "version": "2.0.1",
      "resolved": "https://registry.npmjs.org/color-convert/-/color-convert-2.0.1.tgz",
      "integrity": "sha512-RRECPsj7iu/xb5oKYcsFHSppFNnsj/52OVTRKb4zP5onXwVF3zVmmToNcOfGC+CRDpfK/U584fMg38ZHCaElKQ==",
      "dev": true,
      "requires": {
        "color-name": "~1.1.4"
      }
    },
    "color-name": {
      "version": "1.1.4",
      "resolved": "https://registry.npmjs.org/color-name/-/color-name-1.1.4.tgz",
      "integrity": "sha512-dOy+3AuW3a2wNbZHIuMZpTcgjGuLU/uBL/ubcZF9OXbDo8ff4O8yVp5Bf0efS8uEoYo5q4Fx7dY9OgQGXgAsQA==",
      "dev": true
    },
    "color-string": {
      "version": "1.9.1",
      "resolved": "https://registry.npmjs.org/color-string/-/color-string-1.9.1.tgz",
      "integrity": "sha512-shrVawQFojnZv6xM40anx4CkoDP+fZsw/ZerEMsW/pyzsRbElpsL/DBVW7q3ExxwusdNXI3lXpuhEZkzs8p5Eg==",
      "dev": true,
      "requires": {
        "color-name": "^1.0.0",
        "simple-swizzle": "^0.2.2"
      }
    },
    "composed-offset-position": {
      "version": "0.0.4",
      "resolved": "https://registry.npmjs.org/composed-offset-position/-/composed-offset-position-0.0.4.tgz",
      "integrity": "sha512-vMlvu1RuNegVE0YsCDSV/X4X10j56mq7PCIyOKK74FxkXzGLwhOUmdkJLSdOBOMwWycobGUMgft2lp+YgTe8hw==",
      "dev": true
    },
    "data-uri-to-buffer": {
      "version": "4.0.1",
      "resolved": "https://registry.npmjs.org/data-uri-to-buffer/-/data-uri-to-buffer-4.0.1.tgz",
      "integrity": "sha512-0R9ikRb668HB7QDxT1vkpuUBtqc53YyAwMwGeUFKRojY/NWKvdZ+9UYtRfGmhqNbRkTSVpMbmyhXipFFv2cb/A=="
    },
    "dayjs": {
      "version": "1.11.8",
      "resolved": "https://registry.npmjs.org/dayjs/-/dayjs-1.11.8.tgz",
      "integrity": "sha512-LcgxzFoWMEPO7ggRv1Y2N31hUf2R0Vj7fuy/m+Bg1K8rr+KAs1AEy4y9jd5DXe8pbHgX+srkHNS7TH6Q6ZhYeQ==",
      "dev": true
    },
    "esm": {
      "version": "3.2.25",
      "resolved": "https://registry.npmjs.org/esm/-/esm-3.2.25.tgz",
      "integrity": "sha512-U1suiZ2oDVWv4zPO56S0NcR5QriEahGtdN2OR6FiOG4WJvcjBVFB0qI4+eKoWFH483PKGuLuu6V8Z4T5g63UVA=="
    },
    "fast-deep-equal": {
      "version": "3.1.3",
      "resolved": "https://registry.npmjs.org/fast-deep-equal/-/fast-deep-equal-3.1.3.tgz",
      "integrity": "sha512-f3qQ9oQy9j2AhBe/H9VC91wLmKBCCU/gDOnKNAYG5hswO7BLKj09Hc5HYNz9cGI++xlpDCIgDaitVs03ATR84Q=="
    },
    "fast-json-stable-stringify": {
      "version": "2.1.0",
      "resolved": "https://registry.npmjs.org/fast-json-stable-stringify/-/fast-json-stable-stringify-2.1.0.tgz",
      "integrity": "sha512-lhd/wF+Lk98HZoTCtlVraHtfh5XYijIjalXck7saUtuanSDyLMxnHhSXEDJqHxD7msR8D0uCmqlkwjCV8xvwHw=="
    },
    "fast-xml-parser": {
      "version": "3.21.1",
      "resolved": "https://registry.npmjs.org/fast-xml-parser/-/fast-xml-parser-3.21.1.tgz",
      "integrity": "sha512-FTFVjYoBOZTJekiUsawGsSYV9QL0A+zDYCRj7y34IO6Jg+2IMYEtQa+bbictpdpV8dHxXywqU7C0gRDEOFtBFg==",
      "requires": {
        "strnum": "^1.0.4"
      }
    },
    "fetch-blob": {
      "version": "3.2.0",
      "resolved": "https://registry.npmjs.org/fetch-blob/-/fetch-blob-3.2.0.tgz",
      "integrity": "sha512-7yAQpD2UMJzLi1Dqv7qFYnPbaPx7ZfFK6PiIxQ4PfkGPyNyl2Ugx+a/umUonmKqjhM4DnfbMvdX6otXq83soQQ==",
      "requires": {
        "node-domexception": "^1.0.0",
        "web-streams-polyfill": "^3.0.3"
      },
      "dependencies": {
        "web-streams-polyfill": {
          "version": "3.2.1",
          "resolved": "https://registry.npmjs.org/web-streams-polyfill/-/web-streams-polyfill-3.2.1.tgz",
          "integrity": "sha512-e0MO3wdXWKrLbL0DgGnUV7WHVuw9OUvL4hjgnPkIeEvESk74gAITi5G606JtZPp39cd8HA9VQzCIvA49LpPN5Q=="
        }
      }
    },
    "focus-trap": {
      "version": "7.4.3",
      "resolved": "https://registry.npmjs.org/focus-trap/-/focus-trap-7.4.3.tgz",
      "integrity": "sha512-BgSSbK4GPnS2VbtZ50VtOv1Sti6DIkj3+LkVjiWMNjLeAp1SH1UlLx3ULu/DCu4vq5R4/uvTm+zrvsMsuYmGLg==",
      "dev": true,
      "requires": {
        "tabbable": "^6.1.2"
      }
    },
    "form-request-submit-polyfill": {
      "version": "2.0.0",
      "resolved": "https://registry.npmjs.org/form-request-submit-polyfill/-/form-request-submit-polyfill-2.0.0.tgz",
      "integrity": "sha512-p0+M92y2gFnP0AuuL8VJ0GYVzAT0bYp3GsSkmPFhvUopdnfDLP/9xplQTBBc4w8qOjKRzdK7GaFcdL9IhlXdTQ==",
      "dev": true
    },
    "formdata-node": {
      "version": "4.4.1",
      "resolved": "https://registry.npmjs.org/formdata-node/-/formdata-node-4.4.1.tgz",
      "integrity": "sha512-0iirZp3uVDjVGt9p49aTaqjk84TrglENEDuqfdlZQ1roC9CWlPk6Avf8EEnZNcAqPonwkG35x4n3ww/1THYAeQ==",
      "requires": {
        "node-domexception": "1.0.0",
        "web-streams-polyfill": "4.0.0-beta.3"
      }
    },
    "formdata-polyfill": {
      "version": "4.0.10",
      "resolved": "https://registry.npmjs.org/formdata-polyfill/-/formdata-polyfill-4.0.10.tgz",
      "integrity": "sha512-buewHzMvYL29jdeQTVILecSaZKnt/RJWjoZCF5OW60Z67/GmSLBkOFM7qh1PI3zFNtJbaZL5eQu1vLfazOwj4g==",
      "requires": {
        "fetch-blob": "^3.1.2"
      }
    },
    "is-arrayish": {
      "version": "0.3.2",
      "resolved": "https://registry.npmjs.org/is-arrayish/-/is-arrayish-0.3.2.tgz",
      "integrity": "sha512-eVRqCvVlZbuw3GrM63ovNSNAeA1K16kaR/LRY/92w0zxQ5/1YzwblUX652i4Xs9RwAGjW9d9y6X88t8OaAJfWQ==",
      "dev": true
    },
    "json-schema-traverse": {
      "version": "0.4.1",
      "resolved": "https://registry.npmjs.org/json-schema-traverse/-/json-schema-traverse-0.4.1.tgz",
      "integrity": "sha512-xbbCH5dCYU5T8LcEhhuh7HJ88HXuW3qsI3Y0zOZFKfZEHcpWiHU/Jxzk629Brsab/mMiHQti9wMP+845RPe3Vg=="
    },
    "json-schema-typed": {
      "version": "7.0.3",
      "resolved": "https://registry.npmjs.org/json-schema-typed/-/json-schema-typed-7.0.3.tgz",
      "integrity": "sha512-7DE8mpG+/fVw+dTpjbxnx47TaMnDfOI1jwft9g1VybltZCduyRQPJPvc+zzKY9WPHxhPWczyFuYa6I8Mw4iU5A=="
    },
    "json-typescript": {
      "version": "1.1.2",
      "resolved": "https://registry.npmjs.org/json-typescript/-/json-typescript-1.1.2.tgz",
      "integrity": "sha512-Np07MUsYMKbB0nNlw/MMIRjUK7ehO48LA4FsrzrhCfTUxMKbvOBAo0sc0b4nQ80ge9d32sModCunCgoyUojgUA=="
    },
    "jsonapi-typescript": {
      "version": "0.1.3",
      "resolved": "https://registry.npmjs.org/jsonapi-typescript/-/jsonapi-typescript-0.1.3.tgz",
      "integrity": "sha512-uPcPS01GeM+4HIyn18s7l1yD2S3uLZy2TX1UkQffCM0bLb3TMwudXUyVXPHTMZ4vdZT8MqKqN2vjB5PogTAdFQ==",
      "requires": {
        "json-typescript": "^1.0.0"
      }
    },
    "lodash-es": {
      "version": "4.17.21",
      "resolved": "https://registry.npmjs.org/lodash-es/-/lodash-es-4.17.21.tgz",
      "integrity": "sha512-mKnC+QJ9pWVzv+C4/U3rRsHapFfHvQFoFB92e52xeyGMcX6/OlIl78je1u8vePzYZSkkogMPJ2yjxxsb89cxyw==",
      "dev": true
    },
    "mitt": {
      "version": "3.0.1",
      "resolved": "https://registry.npmjs.org/mitt/-/mitt-3.0.1.tgz",
      "integrity": "sha512-vKivATfr97l2/QBCYAkXYDbrIWPM2IIKEl7YPhjCvKlG3kE2gm+uBo6nEXK3M5/Ffh/FLpKExzOQ3JJoJGFKBw=="
    },
    "node-domexception": {
      "version": "1.0.0",
      "resolved": "https://registry.npmjs.org/node-domexception/-/node-domexception-1.0.0.tgz",
      "integrity": "sha512-/jKZoMpw0F8GRwl4/eLROPA3cfcXtLApP0QzLmUT/HuPCZWyB7IY9ZrMeKw2O/nFIqPQB3PVM9aYm0F312AXDQ=="
    },
    "node-fetch": {
      "version": "3.3.1",
      "resolved": "https://registry.npmjs.org/node-fetch/-/node-fetch-3.3.1.tgz",
      "integrity": "sha512-cRVc/kyto/7E5shrWca1Wsea4y6tL9iYJE5FBCius3JQfb/4P4I295PfhgbJQBLTx6lATE4z+wK0rPM4VS2uow==",
      "requires": {
        "data-uri-to-buffer": "^4.0.0",
        "fetch-blob": "^3.1.4",
        "formdata-polyfill": "^4.0.10"
      }
    },
    "punycode": {
      "version": "2.3.0",
      "resolved": "https://registry.npmjs.org/punycode/-/punycode-2.3.0.tgz",
      "integrity": "sha512-rRV+zQD8tVFys26lAGR9WUuS4iUAngJScM+ZRSKtvl5tKeZ2t5bvdNFdNHBW9FWR4guGHlgmsZ1G7BSm2wTbuA=="
    },
    "simple-swizzle": {
      "version": "0.2.2",
      "resolved": "https://registry.npmjs.org/simple-swizzle/-/simple-swizzle-0.2.2.tgz",
      "integrity": "sha512-JA//kQgZtbuY83m+xT+tXJkmJncGMTFT+C+g2h2R9uxkYIrE2yy9sgmcLhCnw57/WSD+Eh3J97FPEDFnbXnDUg==",
      "dev": true,
      "requires": {
        "is-arrayish": "^0.3.1"
      }
    },
    "sortablejs": {
      "version": "1.15.0",
      "resolved": "https://registry.npmjs.org/sortablejs/-/sortablejs-1.15.0.tgz",
      "integrity": "sha512-bv9qgVMjUMf89wAvM6AxVvS/4MX3sPeN0+agqShejLU5z5GX4C75ow1O2e5k4L6XItUyAK3gH6AxSbXrOM5e8w==",
      "dev": true
    },
    "strnum": {
      "version": "1.0.5",
      "resolved": "https://registry.npmjs.org/strnum/-/strnum-1.0.5.tgz",
      "integrity": "sha512-J8bbNyKKXl5qYcR36TIO8W3mVGVHrmmxsd5PAItGkmyzwJvybiw2IVq5nqd0i4LSNSkB/sx9VHllbfFdr9k1JA=="
    },
    "tabbable": {
      "version": "6.2.0",
      "resolved": "https://registry.npmjs.org/tabbable/-/tabbable-6.2.0.tgz",
      "integrity": "sha512-Cat63mxsVJlzYvN51JmVXIgNoUokrIaT2zLclCXjRd8boZ0004U4KCs/sToJ75C6sdlByWxpYnb5Boif1VSFew==",
      "dev": true
    },
    "tslib": {
      "version": "1.14.1",
      "resolved": "https://registry.npmjs.org/tslib/-/tslib-1.14.1.tgz",
      "integrity": "sha512-Xni35NKzjgMrwevysHTCArtLDpPvye8zV/0E4EyYn43P7/7qvQwPh9BGkHewbMulVntbigmcT7rdX3BNo9wRJg=="
    },
    "uri-js": {
      "version": "4.4.1",
      "resolved": "https://registry.npmjs.org/uri-js/-/uri-js-4.4.1.tgz",
      "integrity": "sha512-7rKUyy33Q1yc98pQ1DAmLtwX109F7TIfWlW1Ydo8Wl1ii1SeHieeh0HHfPeL2fMXK6z0s8ecKs9frCuLJvndBg==",
      "requires": {
        "punycode": "^2.1.0"
      }
    },
    "web-streams-polyfill": {
      "version": "4.0.0-beta.3",
      "resolved": "https://registry.npmjs.org/web-streams-polyfill/-/web-streams-polyfill-4.0.0-beta.3.tgz",
      "integrity": "sha512-QW95TCTaHmsYfHDybGMwO5IJIM93I/6vTRk+daHTWFPhwh+C8Cg7j7XyKrwrj8Ib6vYXe0ocYNrmzY4xAAN6ug=="
    }
  }
}
